
Microsoft Visual Studio Solution File, Format Version 12.00
# Visual Studio 14
VisualStudioVersion = 14.0.24720.0
MinimumVisualStudioVersion = 10.0.40219.1
Project("{FAE04EC0-301F-11D3-BF4B-00C04F79EFBC}") = "SpaceCommand", "SpaceCommand.csproj", "{8EF465E4-33B8-429E-9903-21A33B1E63AA}"
EndProject
Global
	GlobalSection(SolutionConfigurationPlatforms) = preSolution
		Debug|Any CPU = Debug|Any CPU
		Release|Any CPU = Release|Any CPU
	EndGlobalSection
	GlobalSection(ProjectConfigurationPlatforms) = postSolution
		{8EF465E4-33B8-429E-9903-21A33B1E63AA}.Debug|Any CPU.ActiveCfg = Debug|Any CPU
		{8EF465E4-33B8-429E-9903-21A33B1E63AA}.Debug|Any CPU.Build.0 = Debug|Any CPU
		{8EF465E4-33B8-429E-9903-21A33B1E63AA}.Release|Any CPU.ActiveCfg = Release|Any CPU
		{8EF465E4-33B8-429E-9903-21A33B1E63AA}.Release|Any CPU.Build.0 = Release|Any CPU
	EndGlobalSection
	GlobalSection(SolutionProperties) = preSolution
		HideSolutionNode = FALSE
	EndGlobalSection
EndGlobal
