
Microsoft Visual Studio Solution File, Format Version 12.00
# Visual Studio 14
VisualStudioVersion = 14.0.25420.1
MinimumVisualStudioVersion = 10.0.40219.1
Project("{FAE04EC0-301F-11D3-BF4B-00C04F79EFBC}") = "SpaceCommand", "SpaceCommand.csproj", "{8EF465E4-33B8-429E-9903-21A33B1E63AA}"
EndProject
Project("{2150E333-8FDC-42A3-9474-1A3956D46DE8}") = "services", "services", "{308BB1AE-EEE0-44D5-83E2-6190372BACEA}"
EndProject
Project("{8BB2217D-0F2D-49D1-97BC-3654ED321F3B}") = "APIInterfaces", "services\APIInterfaces\APIInterfaces.xproj", "{7C3B20A8-0FCF-4F07-964E-DB91AC450594}"
EndProject
Project("{8BB2217D-0F2D-49D1-97BC-3654ED321F3B}") = "APITests", "services\APITests\APITests.xproj", "{6613D052-7D70-48B2-B86A-4F0094B84C71}"
EndProject
Project("{2150E333-8FDC-42A3-9474-1A3956D46DE8}") = "WebServices", "WebServices", "{921F86D2-2E88-4903-BAC0-76F75E71049C}"
EndProject
Project("{8BB2217D-0F2D-49D1-97BC-3654ED321F3B}") = "WebAPIcore", "services\WebAPIcore\WebAPIcore.xproj", "{EF8B64C6-ECD3-4BDE-9BFA-124E4164A97E}"
EndProject
Project("{2150E333-8FDC-42A3-9474-1A3956D46DE8}") = "Solution Items", "Solution Items", "{EF005FFB-F324-466A-BB9A-E54E0DC0D43D}"
	ProjectSection(SolutionItems) = preProject
		global.json = global.json
	EndProjectSection
EndProject
Project("{8BB2217D-0F2D-49D1-97BC-3654ED321F3B}") = "APIDataTypes", "services\APIDataTypes\APIDataTypes.xproj", "{4EE88F22-EB51-4837-8DCD-6225FD119565}"
EndProject
Project("{8BB2217D-0F2D-49D1-97BC-3654ED321F3B}") = "APIDictionary", "services\APIDictionary\APIDictionary.xproj", "{6AF5AFB8-8426-4E9F-86BB-727E39A7DB42}"
EndProject
Global
	GlobalSection(SolutionConfigurationPlatforms) = preSolution
		Debug|Any CPU = Debug|Any CPU
		Release|Any CPU = Release|Any CPU
	EndGlobalSection
	GlobalSection(ProjectConfigurationPlatforms) = postSolution
		{8EF465E4-33B8-429E-9903-21A33B1E63AA}.Debug|Any CPU.ActiveCfg = Debug|Any CPU
		{8EF465E4-33B8-429E-9903-21A33B1E63AA}.Debug|Any CPU.Build.0 = Debug|Any CPU
		{8EF465E4-33B8-429E-9903-21A33B1E63AA}.Release|Any CPU.ActiveCfg = Release|Any CPU
		{8EF465E4-33B8-429E-9903-21A33B1E63AA}.Release|Any CPU.Build.0 = Release|Any CPU
		{7C3B20A8-0FCF-4F07-964E-DB91AC450594}.Debug|Any CPU.ActiveCfg = Debug|Any CPU
		{7C3B20A8-0FCF-4F07-964E-DB91AC450594}.Debug|Any CPU.Build.0 = Debug|Any CPU
		{7C3B20A8-0FCF-4F07-964E-DB91AC450594}.Release|Any CPU.ActiveCfg = Release|Any CPU
		{7C3B20A8-0FCF-4F07-964E-DB91AC450594}.Release|Any CPU.Build.0 = Release|Any CPU
		{6613D052-7D70-48B2-B86A-4F0094B84C71}.Debug|Any CPU.ActiveCfg = Debug|Any CPU
		{6613D052-7D70-48B2-B86A-4F0094B84C71}.Debug|Any CPU.Build.0 = Debug|Any CPU
		{6613D052-7D70-48B2-B86A-4F0094B84C71}.Release|Any CPU.ActiveCfg = Release|Any CPU
		{6613D052-7D70-48B2-B86A-4F0094B84C71}.Release|Any CPU.Build.0 = Release|Any CPU
		{EF8B64C6-ECD3-4BDE-9BFA-124E4164A97E}.Debug|Any CPU.ActiveCfg = Debug|Any CPU
		{EF8B64C6-ECD3-4BDE-9BFA-124E4164A97E}.Debug|Any CPU.Build.0 = Debug|Any CPU
		{EF8B64C6-ECD3-4BDE-9BFA-124E4164A97E}.Release|Any CPU.ActiveCfg = Release|Any CPU
		{EF8B64C6-ECD3-4BDE-9BFA-124E4164A97E}.Release|Any CPU.Build.0 = Release|Any CPU
		{4EE88F22-EB51-4837-8DCD-6225FD119565}.Debug|Any CPU.ActiveCfg = Debug|Any CPU
		{4EE88F22-EB51-4837-8DCD-6225FD119565}.Debug|Any CPU.Build.0 = Debug|Any CPU
		{4EE88F22-EB51-4837-8DCD-6225FD119565}.Release|Any CPU.ActiveCfg = Release|Any CPU
		{4EE88F22-EB51-4837-8DCD-6225FD119565}.Release|Any CPU.Build.0 = Release|Any CPU
		{6AF5AFB8-8426-4E9F-86BB-727E39A7DB42}.Debug|Any CPU.ActiveCfg = Debug|Any CPU
		{6AF5AFB8-8426-4E9F-86BB-727E39A7DB42}.Debug|Any CPU.Build.0 = Debug|Any CPU
		{6AF5AFB8-8426-4E9F-86BB-727E39A7DB42}.Release|Any CPU.ActiveCfg = Release|Any CPU
		{6AF5AFB8-8426-4E9F-86BB-727E39A7DB42}.Release|Any CPU.Build.0 = Release|Any CPU
	EndGlobalSection
	GlobalSection(SolutionProperties) = preSolution
		HideSolutionNode = FALSE
	EndGlobalSection
	GlobalSection(NestedProjects) = preSolution
		{7C3B20A8-0FCF-4F07-964E-DB91AC450594} = {308BB1AE-EEE0-44D5-83E2-6190372BACEA}
		{6613D052-7D70-48B2-B86A-4F0094B84C71} = {308BB1AE-EEE0-44D5-83E2-6190372BACEA}
		{921F86D2-2E88-4903-BAC0-76F75E71049C} = {308BB1AE-EEE0-44D5-83E2-6190372BACEA}
		{EF8B64C6-ECD3-4BDE-9BFA-124E4164A97E} = {921F86D2-2E88-4903-BAC0-76F75E71049C}
		{4EE88F22-EB51-4837-8DCD-6225FD119565} = {308BB1AE-EEE0-44D5-83E2-6190372BACEA}
		{6AF5AFB8-8426-4E9F-86BB-727E39A7DB42} = {308BB1AE-EEE0-44D5-83E2-6190372BACEA}
	EndGlobalSection
EndGlobal
